
Microsoft Visual Studio Solution File, Format Version 12.00
# Visual Studio Version 17
VisualStudioVersion = 17.5.002.0
MinimumVisualStudioVersion = 10.0.40219.1
Project("{2150E333-8FDC-42A3-9474-1A3956D46DE8}") = "Files", "Files", "{E3628D43-BEA5-4CB3-967D-A023452E5633}"
	ProjectSection(SolutionItems) = preProject
		Files\Challenge\Program.cs = Files\Challenge\Program.cs
	EndProjectSection
EndProject
Project("{9A19103F-16F7-4668-BE54-9A1E7A4F7556}") = "CreateFiles", "Files\CreateFiles\CreateFiles.csproj", "{C6B1D48A-7093-4FB1-80D5-5F2687B7382D}"
EndProject
Project("{9A19103F-16F7-4668-BE54-9A1E7A4F7556}") = "Directories", "Files\Directories\Directories.csproj", "{2795BCB2-4144-4B24-906A-FB7B540C8F74}"
EndProject
Project("{9A19103F-16F7-4668-BE54-9A1E7A4F7556}") = "FileInfo", "Files\FileInfo\FileInfo.csproj", "{977B70B5-FA55-4F5D-A3CD-57A7AFCD6592}"
EndProject
Project("{9A19103F-16F7-4668-BE54-9A1E7A4F7556}") = "ReadWriteFiles", "Files\ReadWriteFiles\ReadWriteFiles.csproj", "{241E2FC5-B865-41C1-BAA9-111FC29476A9}"
EndProject
Project("{2150E333-8FDC-42A3-9474-1A3956D46DE8}") = "NumbersDates", "NumbersDates", "{66C69B5A-67C8-45E2-A973-F101F680D191}"
EndProject
Project("{9A19103F-16F7-4668-BE54-9A1E7A4F7556}") = "DateTimeClass", "NumbersDates\DateTimeClass\DateTimeClass.csproj", "{B67CA3A4-3A28-4433-9BAC-96710A49D5D4}"
EndProject
Project("{9A19103F-16F7-4668-BE54-9A1E7A4F7556}") = "FormatDates", "NumbersDates\FormatDates\FormatDates.csproj", "{E1F79795-51E3-4050-BF45-4DEE358FA05E}"
EndProject
Project("{9A19103F-16F7-4668-BE54-9A1E7A4F7556}") = "FormatNumbers", "NumbersDates\FormatNumbers\FormatNumbers.csproj", "{B93897F3-FA55-4A25-9000-F4FD9B3CB490}"
EndProject
Project("{9A19103F-16F7-4668-BE54-9A1E7A4F7556}") = "ParseDates", "NumbersDates\ParseDates\ParseDates.csproj", "{40B5C8EE-3307-4D54-9FE1-FE932BFB6227}"
EndProject
Project("{9A19103F-16F7-4668-BE54-9A1E7A4F7556}") = "ParseNumbers", "NumbersDates\ParseNumbers\ParseNumbers.csproj", "{9BA0E977-6503-4FB4-882B-B34845B4E663}"
EndProject
Project("{2150E333-8FDC-42A3-9474-1A3956D46DE8}") = "Overview", "Overview", "{7A91A217-56A0-44A3-BF19-59DAF9C3EE88}"
EndProject
Project("{9A19103F-16F7-4668-BE54-9A1E7A4F7556}") = "DataTypes", "Overview\DataTypes\DataTypes.csproj", "{82A626AB-7DBE-46EC-A2F9-16E175EA14C1}"
EndProject
Project("{9A19103F-16F7-4668-BE54-9A1E7A4F7556}") = "GarbageCollect", "Overview\GarbageCollect\GarbageCollect.csproj", "{0CC4AC43-C0CB-4804-824B-D7F7C030B3B8}"
EndProject
Project("{9A19103F-16F7-4668-BE54-9A1E7A4F7556}") = "MyConsoleApp", "Overview\MyConsoleApp\MyConsoleApp.csproj", "{9FD17D90-FCB9-41FD-94B2-14249D0D2BD9}"
EndProject
Project("{2150E333-8FDC-42A3-9474-1A3956D46DE8}") = "Regex", "Regex", "{4837D025-791F-4A21-9B97-4BFF52B26F9F}"
EndProject
Project("{9A19103F-16F7-4668-BE54-9A1E7A4F7556}") = "Finding", "Regex\Finding\Finding.csproj", "{F986E3C6-0AE3-4F43-AA6A-BE7B84E7C2DB}"
EndProject
Project("{9A19103F-16F7-4668-BE54-9A1E7A4F7556}") = "Replacing", "Regex\Replacing\Replacing.csproj", "{8DDF7BA1-7BF3-4D36-9604-A45E2D7AAE55}"
EndProject
Project("{9A19103F-16F7-4668-BE54-9A1E7A4F7556}") = "RegexTimeouts", "Regex\Timeouts\RegexTimeouts.csproj", "{152B0AC2-B7AE-4E3B-84BD-08E83ECEB08B}"
EndProject
Project("{2150E333-8FDC-42A3-9474-1A3956D46DE8}") = "Strings", "Strings", "{96E4D41A-9B44-4E0A-A2B7-58754F50180C}"
EndProject
Project("{9A19103F-16F7-4668-BE54-9A1E7A4F7556}") = "Formatting", "Strings\Formatting\Formatting.csproj", "{A9F094D7-0563-4A78-B32A-C51891E28D1B}"
EndProject
Project("{9A19103F-16F7-4668-BE54-9A1E7A4F7556}") = "Interpolation", "Strings\Interpolation\Interpolation.csproj", "{D8DA4124-019B-4255-B452-BF52939A90A0}"
EndProject
Project("{9A19103F-16F7-4668-BE54-9A1E7A4F7556}") = "Manipulation", "Strings\Manipulation\Manipulation.csproj", "{7CB9113A-394B-4FD9-836D-189A8B882B58}"
EndProject
Project("{9A19103F-16F7-4668-BE54-9A1E7A4F7556}") = "Searching", "Strings\Searching\Searching.csproj", "{7E0DC7F6-4938-44EE-AC3A-989C684F5AB9}"
EndProject
Project("{2150E333-8FDC-42A3-9474-1A3956D46DE8}") = "Challenge", "Challenge", "{0332676C-A3BA-45A0-95AD-9C99430A9FF3}"
EndProject
Project("{FAE04EC0-301F-11D3-BF4B-00C04F79EFBC}") = "ConsoleApp1", "NumbersDates\Challenge\ConsoleApp1\ConsoleApp1.csproj", "{A8517762-5186-463C-8363-B2784DFC0FB8}"
EndProject
Project("{FAE04EC0-301F-11D3-BF4B-00C04F79EFBC}") = "Challenge", "NumbersDates\Challenge\Challenge.csproj", "{5439ED97-B480-49FE-A90E-1D9CD9F87A97}"
EndProject
Global
	GlobalSection(SolutionConfigurationPlatforms) = preSolution
		Debug|Any CPU = Debug|Any CPU
		Release|Any CPU = Release|Any CPU
	EndGlobalSection
	GlobalSection(ProjectConfigurationPlatforms) = postSolution
		{C6B1D48A-7093-4FB1-80D5-5F2687B7382D}.Debug|Any CPU.ActiveCfg = Debug|Any CPU
		{C6B1D48A-7093-4FB1-80D5-5F2687B7382D}.Debug|Any CPU.Build.0 = Debug|Any CPU
		{C6B1D48A-7093-4FB1-80D5-5F2687B7382D}.Release|Any CPU.ActiveCfg = Release|Any CPU
		{C6B1D48A-7093-4FB1-80D5-5F2687B7382D}.Release|Any CPU.Build.0 = Release|Any CPU
		{2795BCB2-4144-4B24-906A-FB7B540C8F74}.Debug|Any CPU.ActiveCfg = Debug|Any CPU
		{2795BCB2-4144-4B24-906A-FB7B540C8F74}.Debug|Any CPU.Build.0 = Debug|Any CPU
		{2795BCB2-4144-4B24-906A-FB7B540C8F74}.Release|Any CPU.ActiveCfg = Release|Any CPU
		{2795BCB2-4144-4B24-906A-FB7B540C8F74}.Release|Any CPU.Build.0 = Release|Any CPU
		{977B70B5-FA55-4F5D-A3CD-57A7AFCD6592}.Debug|Any CPU.ActiveCfg = Debug|Any CPU
		{977B70B5-FA55-4F5D-A3CD-57A7AFCD6592}.Debug|Any CPU.Build.0 = Debug|Any CPU
		{977B70B5-FA55-4F5D-A3CD-57A7AFCD6592}.Release|Any CPU.ActiveCfg = Release|Any CPU
		{977B70B5-FA55-4F5D-A3CD-57A7AFCD6592}.Release|Any CPU.Build.0 = Release|Any CPU
		{241E2FC5-B865-41C1-BAA9-111FC29476A9}.Debug|Any CPU.ActiveCfg = Debug|Any CPU
		{241E2FC5-B865-41C1-BAA9-111FC29476A9}.Debug|Any CPU.Build.0 = Debug|Any CPU
		{241E2FC5-B865-41C1-BAA9-111FC29476A9}.Release|Any CPU.ActiveCfg = Release|Any CPU
		{241E2FC5-B865-41C1-BAA9-111FC29476A9}.Release|Any CPU.Build.0 = Release|Any CPU
		{B67CA3A4-3A28-4433-9BAC-96710A49D5D4}.Debug|Any CPU.ActiveCfg = Debug|Any CPU
		{B67CA3A4-3A28-4433-9BAC-96710A49D5D4}.Debug|Any CPU.Build.0 = Debug|Any CPU
		{B67CA3A4-3A28-4433-9BAC-96710A49D5D4}.Release|Any CPU.ActiveCfg = Release|Any CPU
		{B67CA3A4-3A28-4433-9BAC-96710A49D5D4}.Release|Any CPU.Build.0 = Release|Any CPU
		{E1F79795-51E3-4050-BF45-4DEE358FA05E}.Debug|Any CPU.ActiveCfg = Debug|Any CPU
		{E1F79795-51E3-4050-BF45-4DEE358FA05E}.Debug|Any CPU.Build.0 = Debug|Any CPU
		{E1F79795-51E3-4050-BF45-4DEE358FA05E}.Release|Any CPU.ActiveCfg = Release|Any CPU
		{E1F79795-51E3-4050-BF45-4DEE358FA05E}.Release|Any CPU.Build.0 = Release|Any CPU
		{B93897F3-FA55-4A25-9000-F4FD9B3CB490}.Debug|Any CPU.ActiveCfg = Debug|Any CPU
		{B93897F3-FA55-4A25-9000-F4FD9B3CB490}.Debug|Any CPU.Build.0 = Debug|Any CPU
		{B93897F3-FA55-4A25-9000-F4FD9B3CB490}.Release|Any CPU.ActiveCfg = Release|Any CPU
		{B93897F3-FA55-4A25-9000-F4FD9B3CB490}.Release|Any CPU.Build.0 = Release|Any CPU
		{40B5C8EE-3307-4D54-9FE1-FE932BFB6227}.Debug|Any CPU.ActiveCfg = Debug|Any CPU
		{40B5C8EE-3307-4D54-9FE1-FE932BFB6227}.Debug|Any CPU.Build.0 = Debug|Any CPU
		{40B5C8EE-3307-4D54-9FE1-FE932BFB6227}.Release|Any CPU.ActiveCfg = Release|Any CPU
		{40B5C8EE-3307-4D54-9FE1-FE932BFB6227}.Release|Any CPU.Build.0 = Release|Any CPU
		{9BA0E977-6503-4FB4-882B-B34845B4E663}.Debug|Any CPU.ActiveCfg = Debug|Any CPU
		{9BA0E977-6503-4FB4-882B-B34845B4E663}.Debug|Any CPU.Build.0 = Debug|Any CPU
		{9BA0E977-6503-4FB4-882B-B34845B4E663}.Release|Any CPU.ActiveCfg = Release|Any CPU
		{9BA0E977-6503-4FB4-882B-B34845B4E663}.Release|Any CPU.Build.0 = Release|Any CPU
		{82A626AB-7DBE-46EC-A2F9-16E175EA14C1}.Debug|Any CPU.ActiveCfg = Debug|Any CPU
		{82A626AB-7DBE-46EC-A2F9-16E175EA14C1}.Debug|Any CPU.Build.0 = Debug|Any CPU
		{82A626AB-7DBE-46EC-A2F9-16E175EA14C1}.Release|Any CPU.ActiveCfg = Release|Any CPU
		{82A626AB-7DBE-46EC-A2F9-16E175EA14C1}.Release|Any CPU.Build.0 = Release|Any CPU
		{0CC4AC43-C0CB-4804-824B-D7F7C030B3B8}.Debug|Any CPU.ActiveCfg = Debug|Any CPU
		{0CC4AC43-C0CB-4804-824B-D7F7C030B3B8}.Debug|Any CPU.Build.0 = Debug|Any CPU
		{0CC4AC43-C0CB-4804-824B-D7F7C030B3B8}.Release|Any CPU.ActiveCfg = Release|Any CPU
		{0CC4AC43-C0CB-4804-824B-D7F7C030B3B8}.Release|Any CPU.Build.0 = Release|Any CPU
		{9FD17D90-FCB9-41FD-94B2-14249D0D2BD9}.Debug|Any CPU.ActiveCfg = Debug|Any CPU
		{9FD17D90-FCB9-41FD-94B2-14249D0D2BD9}.Debug|Any CPU.Build.0 = Debug|Any CPU
		{9FD17D90-FCB9-41FD-94B2-14249D0D2BD9}.Release|Any CPU.ActiveCfg = Release|Any CPU
		{9FD17D90-FCB9-41FD-94B2-14249D0D2BD9}.Release|Any CPU.Build.0 = Release|Any CPU
		{F986E3C6-0AE3-4F43-AA6A-BE7B84E7C2DB}.Debug|Any CPU.ActiveCfg = Debug|Any CPU
		{F986E3C6-0AE3-4F43-AA6A-BE7B84E7C2DB}.Debug|Any CPU.Build.0 = Debug|Any CPU
		{F986E3C6-0AE3-4F43-AA6A-BE7B84E7C2DB}.Release|Any CPU.ActiveCfg = Release|Any CPU
		{F986E3C6-0AE3-4F43-AA6A-BE7B84E7C2DB}.Release|Any CPU.Build.0 = Release|Any CPU
		{8DDF7BA1-7BF3-4D36-9604-A45E2D7AAE55}.Debug|Any CPU.ActiveCfg = Debug|Any CPU
		{8DDF7BA1-7BF3-4D36-9604-A45E2D7AAE55}.Debug|Any CPU.Build.0 = Debug|Any CPU
		{8DDF7BA1-7BF3-4D36-9604-A45E2D7AAE55}.Release|Any CPU.ActiveCfg = Release|Any CPU
		{8DDF7BA1-7BF3-4D36-9604-A45E2D7AAE55}.Release|Any CPU.Build.0 = Release|Any CPU
		{152B0AC2-B7AE-4E3B-84BD-08E83ECEB08B}.Debug|Any CPU.ActiveCfg = Debug|Any CPU
		{152B0AC2-B7AE-4E3B-84BD-08E83ECEB08B}.Debug|Any CPU.Build.0 = Debug|Any CPU
		{152B0AC2-B7AE-4E3B-84BD-08E83ECEB08B}.Release|Any CPU.ActiveCfg = Release|Any CPU
		{152B0AC2-B7AE-4E3B-84BD-08E83ECEB08B}.Release|Any CPU.Build.0 = Release|Any CPU
		{A9F094D7-0563-4A78-B32A-C51891E28D1B}.Debug|Any CPU.ActiveCfg = Debug|Any CPU
		{A9F094D7-0563-4A78-B32A-C51891E28D1B}.Debug|Any CPU.Build.0 = Debug|Any CPU
		{A9F094D7-0563-4A78-B32A-C51891E28D1B}.Release|Any CPU.ActiveCfg = Release|Any CPU
		{A9F094D7-0563-4A78-B32A-C51891E28D1B}.Release|Any CPU.Build.0 = Release|Any CPU
		{D8DA4124-019B-4255-B452-BF52939A90A0}.Debug|Any CPU.ActiveCfg = Debug|Any CPU
		{D8DA4124-019B-4255-B452-BF52939A90A0}.Debug|Any CPU.Build.0 = Debug|Any CPU
		{D8DA4124-019B-4255-B452-BF52939A90A0}.Release|Any CPU.ActiveCfg = Release|Any CPU
		{D8DA4124-019B-4255-B452-BF52939A90A0}.Release|Any CPU.Build.0 = Release|Any CPU
		{7CB9113A-394B-4FD9-836D-189A8B882B58}.Debug|Any CPU.ActiveCfg = Debug|Any CPU
		{7CB9113A-394B-4FD9-836D-189A8B882B58}.Debug|Any CPU.Build.0 = Debug|Any CPU
		{7CB9113A-394B-4FD9-836D-189A8B882B58}.Release|Any CPU.ActiveCfg = Release|Any CPU
		{7CB9113A-394B-4FD9-836D-189A8B882B58}.Release|Any CPU.Build.0 = Release|Any CPU
		{7E0DC7F6-4938-44EE-AC3A-989C684F5AB9}.Debug|Any CPU.ActiveCfg = Debug|Any CPU
		{7E0DC7F6-4938-44EE-AC3A-989C684F5AB9}.Debug|Any CPU.Build.0 = Debug|Any CPU
		{7E0DC7F6-4938-44EE-AC3A-989C684F5AB9}.Release|Any CPU.ActiveCfg = Release|Any CPU
		{7E0DC7F6-4938-44EE-AC3A-989C684F5AB9}.Release|Any CPU.Build.0 = Release|Any CPU
		{A8517762-5186-463C-8363-B2784DFC0FB8}.Debug|Any CPU.ActiveCfg = Debug|Any CPU
		{A8517762-5186-463C-8363-B2784DFC0FB8}.Debug|Any CPU.Build.0 = Debug|Any CPU
		{A8517762-5186-463C-8363-B2784DFC0FB8}.Release|Any CPU.ActiveCfg = Release|Any CPU
		{A8517762-5186-463C-8363-B2784DFC0FB8}.Release|Any CPU.Build.0 = Release|Any CPU
		{5439ED97-B480-49FE-A90E-1D9CD9F87A97}.Debug|Any CPU.ActiveCfg = Debug|Any CPU
		{5439ED97-B480-49FE-A90E-1D9CD9F87A97}.Debug|Any CPU.Build.0 = Debug|Any CPU
		{5439ED97-B480-49FE-A90E-1D9CD9F87A97}.Release|Any CPU.ActiveCfg = Release|Any CPU
		{5439ED97-B480-49FE-A90E-1D9CD9F87A97}.Release|Any CPU.Build.0 = Release|Any CPU
	EndGlobalSection
	GlobalSection(SolutionProperties) = preSolution
		HideSolutionNode = FALSE
	EndGlobalSection
	GlobalSection(NestedProjects) = preSolution
		{C6B1D48A-7093-4FB1-80D5-5F2687B7382D} = {E3628D43-BEA5-4CB3-967D-A023452E5633}
		{2795BCB2-4144-4B24-906A-FB7B540C8F74} = {E3628D43-BEA5-4CB3-967D-A023452E5633}
		{977B70B5-FA55-4F5D-A3CD-57A7AFCD6592} = {E3628D43-BEA5-4CB3-967D-A023452E5633}
		{241E2FC5-B865-41C1-BAA9-111FC29476A9} = {E3628D43-BEA5-4CB3-967D-A023452E5633}
		{B67CA3A4-3A28-4433-9BAC-96710A49D5D4} = {66C69B5A-67C8-45E2-A973-F101F680D191}
		{E1F79795-51E3-4050-BF45-4DEE358FA05E} = {66C69B5A-67C8-45E2-A973-F101F680D191}
		{B93897F3-FA55-4A25-9000-F4FD9B3CB490} = {66C69B5A-67C8-45E2-A973-F101F680D191}
		{40B5C8EE-3307-4D54-9FE1-FE932BFB6227} = {66C69B5A-67C8-45E2-A973-F101F680D191}
		{9BA0E977-6503-4FB4-882B-B34845B4E663} = {66C69B5A-67C8-45E2-A973-F101F680D191}
		{82A626AB-7DBE-46EC-A2F9-16E175EA14C1} = {7A91A217-56A0-44A3-BF19-59DAF9C3EE88}
		{0CC4AC43-C0CB-4804-824B-D7F7C030B3B8} = {7A91A217-56A0-44A3-BF19-59DAF9C3EE88}
		{9FD17D90-FCB9-41FD-94B2-14249D0D2BD9} = {7A91A217-56A0-44A3-BF19-59DAF9C3EE88}
		{F986E3C6-0AE3-4F43-AA6A-BE7B84E7C2DB} = {4837D025-791F-4A21-9B97-4BFF52B26F9F}
		{8DDF7BA1-7BF3-4D36-9604-A45E2D7AAE55} = {4837D025-791F-4A21-9B97-4BFF52B26F9F}
		{152B0AC2-B7AE-4E3B-84BD-08E83ECEB08B} = {4837D025-791F-4A21-9B97-4BFF52B26F9F}
		{A9F094D7-0563-4A78-B32A-C51891E28D1B} = {96E4D41A-9B44-4E0A-A2B7-58754F50180C}
		{D8DA4124-019B-4255-B452-BF52939A90A0} = {96E4D41A-9B44-4E0A-A2B7-58754F50180C}
		{7CB9113A-394B-4FD9-836D-189A8B882B58} = {96E4D41A-9B44-4E0A-A2B7-58754F50180C}
		{7E0DC7F6-4938-44EE-AC3A-989C684F5AB9} = {96E4D41A-9B44-4E0A-A2B7-58754F50180C}
		{0332676C-A3BA-45A0-95AD-9C99430A9FF3} = {66C69B5A-67C8-45E2-A973-F101F680D191}
		{A8517762-5186-463C-8363-B2784DFC0FB8} = {0332676C-A3BA-45A0-95AD-9C99430A9FF3}
		{5439ED97-B480-49FE-A90E-1D9CD9F87A97} = {66C69B5A-67C8-45E2-A973-F101F680D191}
	EndGlobalSection
	GlobalSection(ExtensibilityGlobals) = postSolution
		SolutionGuid = {3B6BD70D-95BF-4C5F-84B6-9088A487282E}
	EndGlobalSection
EndGlobal
